GEM
  remote: https://rubygems.org/
  specs:
    faraday (2.14.1)
      faraday-net_http (>= 2.0, < 3.5)
      json
      logger
    faraday-follow_redirects (0.5.0)
      faraday (>= 1, < 3)
    faraday-net_http (3.4.2)
      net-http (~> 0.5)
    json (2.18.1)
    logger (1.7.0)
    net-http (0.9.1)
      uri (>= 0.11.1)
    nokogiri (1.19.0-arm64-darwin)
      racc (~> 1.4)
    racc (1.8.1)
    uri (1.1.1)

PLATFORMS
  arm64-darwin-24

DEPENDENCIES
  faraday (~> 2.9)
  faraday-follow_redirects (~> 0.3)
  nokogiri (~> 1.16)

CHECKSUMS
  faraday (2.14.1) sha256=a43cceedc1e39d188f4d2cdd360a8aaa6a11da0c407052e426ba8d3fb42ef61c
  faraday-follow_redirects (0.5.0) sha256=5cde93c894b30943a5d2b93c2fe9284216a6b756f7af406a1e55f211d97d10ad
  faraday-net_http (3.4.2) sha256=f147758260d3526939bf57ecf911682f94926a3666502e24c69992765875906c
  json (2.18.1) sha256=fe112755501b8d0466b5ada6cf50c8c3f41e897fa128ac5d263ec09eedc9f986
  logger (1.7.0) sha256=196edec7cc44b66cfb40f9755ce11b392f21f7967696af15d274dde7edff0203
  net-http (0.9.1) sha256=25ba0b67c63e89df626ed8fac771d0ad24ad151a858af2cc8e6a716ca4336996
  nokogiri (1.19.0-arm64-darwin) sha256=0811dfd936d5f6dd3f6d32ef790568bf29b2b7bead9ba68866847b33c9cf5810
  racc (1.8.1) sha256=4a7f6929691dbec8b5209a0b373bc2614882b55fc5d2e447a21aaa691303d62f
  uri (1.1.1) sha256=379fa58d27ffb1387eaada68c749d1426738bd0f654d812fcc07e7568f5c57c6

BUNDLED WITH
  4.0.1
