GEM
  remote: https://rubygems.org/
  specs:
    faraday (2.14.1)
      faraday-net_http (>= 2.0, < 3.5)
      json
      logger
    faraday-net_http (3.4.2)
      net-http (~> 0.5)
    json (2.18.1)
    logger (1.7.0)
    mini_portile2 (2.8.9)
    net-http (0.9.1)
      uri (>= 0.11.1)
    nokogiri (1.19.0)
      mini_portile2 (~> 2.8.2)
      racc (~> 1.4)
    nokogiri (1.19.0-arm64-darwin)
      racc (~> 1.4)
    racc (1.8.1)
    sqlite3 (1.7.3)
      mini_portile2 (~> 2.8.0)
    uri (1.1.1)

PLATFORMS
  arm64-darwin-24
  ruby

DEPENDENCIES
  faraday (~> 2.9)
  nokogiri (~> 1.16)
  sqlite3 (~> 1.7)

CHECKSUMS
  faraday (2.14.1) sha256=a43cceedc1e39d188f4d2cdd360a8aaa6a11da0c407052e426ba8d3fb42ef61c
  faraday-net_http (3.4.2) sha256=f147758260d3526939bf57ecf911682f94926a3666502e24c69992765875906c
  json (2.18.1) sha256=fe112755501b8d0466b5ada6cf50c8c3f41e897fa128ac5d263ec09eedc9f986
  logger (1.7.0) sha256=196edec7cc44b66cfb40f9755ce11b392f21f7967696af15d274dde7edff0203
  mini_portile2 (2.8.9) sha256=0cd7c7f824e010c072e33f68bc02d85a00aeb6fce05bb4819c03dfd3c140c289
  net-http (0.9.1) sha256=25ba0b67c63e89df626ed8fac771d0ad24ad151a858af2cc8e6a716ca4336996
  nokogiri (1.19.0) sha256=e304d21865f62518e04f2bf59f93bd3a97ca7b07e7f03952946d8e1c05f45695
  nokogiri (1.19.0-arm64-darwin) sha256=0811dfd936d5f6dd3f6d32ef790568bf29b2b7bead9ba68866847b33c9cf5810
  racc (1.8.1) sha256=4a7f6929691dbec8b5209a0b373bc2614882b55fc5d2e447a21aaa691303d62f
  sqlite3 (1.7.3) sha256=fa77f63c709548f46d4e9b6bb45cda52aa3881aa12cc85991132758e8968701c
  uri (1.1.1) sha256=379fa58d27ffb1387eaada68c749d1426738bd0f654d812fcc07e7568f5c57c6

BUNDLED WITH
  4.0.1
